github.com/davecgh/go-spew v1.1.1 h1:vj9j/u1bqnvCEfJOwUhtlOARqs3+rkHYY13jYWTU97c=
github.com/davecgh/go-spew v1.1.1/go.mod h1:J7Y8YcW2NihsgmVo/mv3lAwl/skON4iLHjSsI+c5H38=
github.com/enriquebris/goconcurrentcounter v0.0.0-20220112230718-926268af96e3 h1:BWpJbx0Y0MpUdxkuUzqTOnnOfTW9eQJNQ/z+l+XGQnk=
github.com/enriquebris/goconcurrentcounter v0.0.0-20220112230718-926268af96e3/go.mod h1:6JD9VP3tKnQxDyYlU8aw4V+4E+kM3vqPVite1uazIjc=
github.com/enriquebris/goconcurrentqueue v0.6.0 h1:DJ97cgoPVoqlC4tTGBokn/omaB3o16yIs5QdAm6YEjc=
github.com/enriquebris/goconcurrentqueue v0.6.0/go.mod h1:wGJhQNFI4wLNHleZLo5ehk1puj8M6OIl0tOjs3kwJus=
github.com/enriquebris/goworkerpool v0.10.2 h1:MBrfbpoL1oIttazvin0PAR4LFHIY1EKwiSqB5dX7dPo=
github.com/enriquebris/goworkerpool v0.10.2/go.mod h1:MMjYetAiKqf13Cwqw2U9z6jyf6c1NfP2I1mh53eoC7M=
github.com/go-sql-driver/mysql v1.5.0 h1:ozyZYNQW3x3HtqT1jira07DN2PArx2v7/mN66gGcHOs=
github.com/go-sql-driver/mysql v1.5.0/go.mod h1:DCzpHaOWr8IXmIStZouvnhqoel9Qv2LBy8hT2VhHyBg=
github.com/jinzhu/inflection v1.0.0 h1:K317FqzuhWc8YvSVlFMCCUb36O/S9MCKRDI7QkRKD/E=
github.com/jinzhu/inflection v1.0.0/go.mod h1:h+uFLlag+Qp1Va5pdKtLDYj+kHp5pxUVkryuEj+Srlc=
github.com/jinzhu/now v1.1.1 h1:g39TucaRWyV3dwDO++eEc6qf8TVIQ/Da48WmqjZ3i7E=
github.com/jinzhu/now v1.1.1/go.mod h1:d3SSVoowX0Lcu0IBviAWJpolVfI5UJVZZ7cO71lE/z8=
github.com/pariz/gountries v0.0.0-20200430155801-1c6a393df9c7 h1:GneNkGCnFPoBkaOd03qsvXSV+ZRkZedaN0DNJCruuI0=
github.com/pariz/gountries v0.0.0-20200430155801-1c6a393df9c7/go.mod h1:U0ETmPPEsfd7CpUKNMYi68xIOL8Ww4jPZlaqNngcwqs=
github.com/pmezard/go-difflib v1.0.0 h1:4DBwDE0NGyQoBHbLQYPwSUPoCMWR5BEzIk/f1lZbAQM=
github.com/pmezard/go-difflib v1.0.0/go.mod h1:iKH77koFhYxTK1pcRnkKkqfTogsbg7gZNVY4sRDYZ/4=
github.com/stretchr/testify v1.10.0 h1:Xv5erBjTwe/5IxqUQTdXv5kgmIvbHo3QQyRwhJsOfJA=
github.com/stretchr/testify v1.10.0/go.mod h1:r2ic/lqez/lEtzL7wO/rwa5dbSLXVDPFyf8C91i36aY=
gopkg.in/check.v1 v0.0.0-20161208181325-20d25e280405 h1:yhCVgyC4o1eVCa2tZl7eS0r+SDo693bJlVdllGtEeKM=
gopkg.in/check.v1 v0.0.0-20161208181325-20d25e280405/go.mod h1:Co6ibVJAznAaIkqp8huTwlJQCZ016jof/cbN4VW5Yz0=
gopkg.in/yaml.v2 v2.3.0 h1:clyUAQHOM3G0M3f5vQj7LuJrETvjVot3Z5el9nffUtU=
gopkg.in/yaml.v2 v2.3.0/go.mod h1:hI93XBmqTisBFMUTm0b8Fm+jr3Dg1NNxqwp+5A1VGuI=
gopkg.in/yaml.v3 v3.0.1 h1:fxVm/GzAzEWqLHuvctI91KS9hhNmmWOoWu0XTYJS7CA=
gopkg.in/yaml.v3 v3.0.1/go.mod h1:K4uyk7z7BCEPqu6E+C64Yfv1cQ7kz7rIZviUmN+EgEM=
gorm.io/driver/mysql v1.0.2 h1:xm21Um8cR/Cg+nMwSrajf8aBUxOIC+WmH72ir/ByYR8=
gorm.io/driver/mysql v1.0.2/go.mod h1:T+Fv7Rq/8+lpS3X1KKVUbj8Y/SzbPa5esK9KpPAKXR8=
gorm.io/gorm v1.20.2 h1:bZzSEnq7NDGsrd+n3evOOedDrY5oLM5QPlCjZJUK2ro=
gorm.io/gorm v1.20.2/go.mod h1:0HFTzE/SqkGTzK6TlDPPQbAYCluiVvhzoA1+aVyzenw=
